<?xml version="1.0" encoding="utf-8"?>
<Project ToolsVersion="17.0" xmlns="http://schemas.microsoft.com/developer/msbuild/2003">
  <ItemGroup>
    <ClCompile Include="C:\kms\myprojects\c++\labaone\Res2\secondLaba.cpp">
      <Filter>Source Files</Filter>
    </ClCompile>
  </ItemGroup>
  <ItemGroup>
    <CustomBuild Include="C:\kms\myprojects\c++\labaone\CMakeLists.txt" />
  </ItemGroup>
  <ItemGroup>
    <Filter Include="Source Files">
      <UniqueIdentifier>{19395B34-8180-3809-9917-E9CD83C5BF60}</UniqueIdentifier>
    </Filter>
  </ItemGroup>
</Project>
